
Microsoft Visual Studio Solution File, Format Version 12.00
# Visual Studio 15
VisualStudioVersion = 15.0.28307.852
MinimumVisualStudioVersion = 10.0.40219.1
Project("{FAE04EC0-301F-11D3-BF4B-00C04F79EFBC}") = "Atlas", "Atlas\Atlas.csproj", "{05A5D4EB-DC19-4800-89ED-B131B33517DD}"
EndProject
Global
	GlobalSection(SolutionConfigurationPlatforms) = preSolution
		Debug|Any CPU = Debug|Any CPU
		Release|Any CPU = Release|Any CPU
	EndGlobalSection
	GlobalSection(ProjectConfigurationPlatforms) = postSolution
		{05A5D4EB-DC19-4800-89ED-B131B33517DD}.Debug|Any CPU.ActiveCfg = Debug|Any CPU
		{05A5D4EB-DC19-4800-89ED-B131B33517DD}.Debug|Any CPU.Build.0 = Debug|Any CPU
		{05A5D4EB-DC19-4800-89ED-B131B33517DD}.DEFAULT|Any CPU.ActiveCfg = Release|Any CPU
		{05A5D4EB-DC19-4800-89ED-B131B33517DD}.DEFAULT|Any CPU.Build.0 = Release|Any CPU
		{05A5D4EB-DC19-4800-89ED-B131B33517DD}.Release|Any CPU.ActiveCfg = Release|Any CPU
		{05A5D4EB-DC19-4800-89ED-B131B33517DD}.Release|Any CPU.Build.0 = Release|Any CPU
		{F816C351-B435-4020-83EA-0F99FDBDBF44}.Debug|Any CPU.ActiveCfg = Debug|Any CPU
		{F816C351-B435-4020-83EA-0F99FDBDBF44}.Debug|Any CPU.Build.0 = Debug|Any CPU
		{F816C351-B435-4020-83EA-0F99FDBDBF44}.DEFAULT|Any CPU.ActiveCfg = Release|Any CPU
		{F816C351-B435-4020-83EA-0F99FDBDBF44}.DEFAULT|Any CPU.Build.0 = Release|Any CPU
		{F816C351-B435-4020-83EA-0F99FDBDBF44}.Release|Any CPU.ActiveCfg = Release|Any CPU
		{F816C351-B435-4020-83EA-0F99FDBDBF44}.Release|Any CPU.Build.0 = Release|Any CPU
		{59DA8DA9-03E4-4A7E-8BBF-FB5D09F218FB}.Debug|Any CPU.ActiveCfg = Debug|Any CPU
		{59DA8DA9-03E4-4A7E-8BBF-FB5D09F218FB}.Debug|Any CPU.Build.0 = Debug|Any CPU
		{59DA8DA9-03E4-4A7E-8BBF-FB5D09F218FB}.DEFAULT|Any CPU.ActiveCfg = Release|Any CPU
		{59DA8DA9-03E4-4A7E-8BBF-FB5D09F218FB}.DEFAULT|Any CPU.Build.0 = Release|Any CPU
		{59DA8DA9-03E4-4A7E-8BBF-FB5D09F218FB}.Release|Any CPU.ActiveCfg = Release|Any CPU
		{59DA8DA9-03E4-4A7E-8BBF-FB5D09F218FB}.Release|Any CPU.Build.0 = Release|Any CPU
		{34646E19-B403-4E4C-971E-633A9C97FF0A}.Debug|Any CPU.ActiveCfg = Debug|Any CPU
		{34646E19-B403-4E4C-971E-633A9C97FF0A}.Debug|Any CPU.Build.0 = Debug|Any CPU
		{34646E19-B403-4E4C-971E-633A9C97FF0A}.DEFAULT|Any CPU.ActiveCfg = Release|Any CPU
		{34646E19-B403-4E4C-971E-633A9C97FF0A}.DEFAULT|Any CPU.Build.0 = Release|Any CPU
		{34646E19-B403-4E4C-971E-633A9C97FF0A}.Release|Any CPU.ActiveCfg = Release|Any CPU
		{34646E19-B403-4E4C-971E-633A9C97FF0A}.Release|Any CPU.Build.0 = Release|Any CPU
	EndGlobalSection
	GlobalSection(SolutionProperties) = preSolution
		HideSolutionNode = FALSE
	EndGlobalSection
EndGlobal
